FORGE
  remote: https://forgeapi.puppetlabs.com
  specs:
    danzilio-letsencrypt (1.0.0)
      puppetlabs-inifile (< 2.0.0, >= 1.4.0)
      puppetlabs-stdlib (< 5.0.0, >= 2.6.0)
      puppetlabs-vcsrepo (< 2.0.0, >= 1.3.0)
      stahnma-epel (< 2.0.0, >= 1.0.0)
    garethr-docker (5.3.0)
      puppetlabs-apt (<= 3.0.0, >= 1.8.0)
      puppetlabs-stdlib (>= 4.1.0)
      stahnma-epel (>= 0.0.6)
    puppet-nginx (0.4.0)
      puppetlabs-apt (< 3.0.0, >= 1.8.0)
      puppetlabs-concat (< 3.0.0, >= 1.1.1)
      puppetlabs-stdlib (< 5.0.0, >= 4.2.0)
    puppetlabs-apt (2.3.0)
      puppetlabs-stdlib (< 5.0.0, >= 4.5.0)
    puppetlabs-concat (2.2.0)
      puppetlabs-stdlib (< 5.0.0, >= 4.2.0)
    puppetlabs-inifile (1.6.0)
    puppetlabs-ntp (4.2.0)
      puppetlabs-stdlib (< 5.0.0, >= 4.6.0)
    puppetlabs-stdlib (4.13.1)
    puppetlabs-vcsrepo (1.4.0)
    stahnma-epel (1.2.2)
      puppetlabs-stdlib (>= 3.0.0)

GIT
  remote: https://github.com/dwpdigitaltech/puppet-module-bootstrap.git
  ref: 0.1.0
  sha: d881222b90cf716981f1e5453ba71e921210bb6f
  specs:
    dwpinnovation-bootstrap (0.1.0)
      puppetlabs-ntp (>= 0)

GIT
  remote: https://github.com/dwpdigitaltech/puppet-module-freepuppet.git
  ref: 0.1.1
  sha: 5b488b5066be2bda2b40ef6878dce019905f399b
  specs:
    dwpinnovation-freepuppet (0.1.1)

DEPENDENCIES
  danzilio-letsencrypt (= 1.0.0)
  dwpinnovation-bootstrap (>= 0)
  dwpinnovation-freepuppet (>= 0)
  garethr-docker (>= 0)
  puppet-nginx (= 0.4.0)

